
Microsoft Visual Studio Solution File, Format Version 12.00
# Visual Studio Version 17
VisualStudioVersion = 17.11.35327.3
MinimumVisualStudioVersion = 10.0.40219.1
Project("{FAE04EC0-301F-11D3-BF4B-00C04F79EFBC}") = "projectApi", "projectApi\projectApi.csproj", "{44A35D78-F567-4A23-BF80-DD43F53D8DA6}"
EndProject
Global
	GlobalSection(SolutionConfigurationPlatforms) = preSolution
		Debug|Any CPU = Debug|Any CPU
		Release|Any CPU = Release|Any CPU
	EndGlobalSection
	GlobalSection(ProjectConfigurationPlatforms) = postSolution
		{44A35D78-F567-4A23-BF80-DD43F53D8DA6}.Debug|Any CPU.ActiveCfg = Debug|Any CPU
		{44A35D78-F567-4A23-BF80-DD43F53D8DA6}.Debug|Any CPU.Build.0 = Debug|Any CPU
		{44A35D78-F567-4A23-BF80-DD43F53D8DA6}.Release|Any CPU.ActiveCfg = Release|Any CPU
		{44A35D78-F567-4A23-BF80-DD43F53D8DA6}.Release|Any CPU.Build.0 = Release|Any CPU
	EndGlobalSection
	GlobalSection(SolutionProperties) = preSolution
		HideSolutionNode = FALSE
	EndGlobalSection
	GlobalSection(ExtensibilityGlobals) = postSolution
		SolutionGuid = {59E4EF43-6D73-4017-A807-F12B68110B1A}
	EndGlobalSection
EndGlobal
